// !$*UTF8*$!
{
	archiveVersion = 1;
	classes = {
	};
	objectVersion = 51;
	objects = {

/* Begin PBXBuildFile section */
		1655B1C924D4E96B0075FCA4 /* Data.swift in Sources */ = {isa = PBXBuildFile; fileRef = 1655B1C824D4E96B0075FCA4 /* Data.swift */; };
		1655B1CB24D4FFB30075FCA4 /* TimerViewController.swift in Sources */ = {isa = PBXBuildFile; fileRef = 1655B1CA24D4FFB30075FCA4 /* TimerViewController.swift */; };
		16BA0A4424DFA1B00031CC6E /* Animation.json in Resources */ = {isa = PBXBuildFile; fileRef = 16BA0A4324DFA1B00031CC6E /* Animation.json */; };
		16BB1B0824D1B18B008606BE /* AppDelegate.swift in Sources */ = {isa = PBXBuildFile; fileRef = 16BB1B0724D1B18B008606BE /* AppDelegate.swift */; };
		16BB1B0A24D1B18B008606BE /* SceneDelegate.swift in Sources */ = {isa = PBXBuildFile; fileRef = 16BB1B0924D1B18B008606BE /* SceneDelegate.swift */; };
		16BB1B0C24D1B18B008606BE /* MainViewController.swift in Sources */ = {isa = PBXBuildFile; fileRef = 16BB1B0B24D1B18B008606BE /* MainViewController.swift */; };
		16BB1B0F24D1B18B008606BE /* Main.storyboard in Resources */ = {isa = PBXBuildFile; fileRef = 16BB1B0D24D1B18B008606BE /* Main.storyboard */; };
		16BB1B1124D1B18F008606BE /* Assets.xcassets in Resources */ = {isa = PBXBuildFile; fileRef = 16BB1B1024D1B18F008606BE /* Assets.xcassets */; };
		16BB1B1424D1B18F008606BE /* LaunchScreen.storyboard in Resources */ = {isa = PBXBuildFile; fileRef = 16BB1B1224D1B18F008606BE /* LaunchScreen.storyboard */; };
		16D2C81724D64BCA003FED59 /* CountDownView.swift in Sources */ = {isa = PBXBuildFile; fileRef = 16D2C81624D64BCA003FED59 /* CountDownView.swift */; };
		7821FC67EBB589E06C0D560C /* Pods_HiitTimer.framework in Frameworks */ = {isa = PBXBuildFile; fileRef = 3245DE8C5FE88E64EF451157 /* Pods_HiitTimer.framework */; };
/* End PBXBuildFile section */

/* Begin PBXFileReference section */
		1655B1C824D4E96B0075FCA4 /* Data.swift */ = {isa = PBXFileReference; lastKnownFileType = sourcecode.swift; path = Data.swift; sourceTree = "<group>"; };
		1655B1CA24D4FFB30075FCA4 /* TimerViewController.swift */ = {isa = PBXFileReference; lastKnownFileType = sourcecode.swift; path = TimerViewController.swift; sourceTree = "<group>"; };
		16BA0A4324DFA1B00031CC6E /* Animation.json */ = {isa = PBXFileReference; fileEncoding = 4; lastKnownFileType = text.json; path = Animation.json; sourceTree = "<group>"; };
		16BB1B0424D1B18B008606BE /* HiitTimer.app */ = {isa = PBXFileReference; explicitFileType = wrapper.application; includeInIndex = 0; path = HiitTimer.app; sourceTree = BUILT_PRODUCTS_DIR; };
		16BB1B0724D1B18B008606BE /* AppDelegate.swift */ = {isa = PBXFileReference; lastKnownFileType = sourcecode.swift; path = AppDelegate.swift; sourceTree = "<group>"; };
		16BB1B0924D1B18B008606BE /* SceneDelegate.swift */ = {isa = PBXFileReference; lastKnownFileType = sourcecode.swift; path = SceneDelegate.swift; sourceTree = "<group>"; };
		16BB1B0B24D1B18B008606BE /* MainViewController.swift */ = {isa = PBXFileReference; lastKnownFileType = sourcecode.swift; path = MainViewController.swift; sourceTree = "<group>"; };
		16BB1B0E24D1B18B008606BE /* Base */ = {isa = PBXFileReference; lastKnownFileType = file.storyboard; name = Base; path = Base.lproj/Main.storyboard; sourceTree = "<group>"; };
		16BB1B1024D1B18F008606BE /* Assets.xcassets */ = {isa = PBXFileReference; lastKnownFileType = folder.assetcatalog; path = Assets.xcassets; sourceTree = "<group>"; };
		16BB1B1324D1B18F008606BE /* Base */ = {isa = PBXFileReference; lastKnownFileType = file.storyboard; name = Base; path = Base.lproj/LaunchScreen.storyboard; sourceTree = "<group>"; };
		16BB1B1524D1B18F008606BE /* Info.plist */ = {isa = PBXFileReference; lastKnownFileType = text.plist.xml; path = Info.plist; sourceTree = "<group>"; };
		16D2C81624D64BCA003FED59 /* CountDownView.swift */ = {isa = PBXFileReference; lastKnownFileType = sourcecode.swift; path = CountDownView.swift; sourceTree = "<group>"; };
		3245DE8C5FE88E64EF451157 /* Pods_HiitTimer.framework */ = {isa = PBXFileReference; explicitFileType = wrapper.framework; includeInIndex = 0; path = Pods_HiitTimer.framework; sourceTree = BUILT_PRODUCTS_DIR; };
		7237193C4638F4C88B85F7FD /* Pods-HiitTimer.debug.xcconfig */ = {isa = PBXFileReference; includeInIndex = 1; lastKnownFileType = text.xcconfig; name = "Pods-HiitTimer.debug.xcconfig"; path = "Target Support Files/Pods-HiitTimer/Pods-HiitTimer.debug.xcconfig"; sourceTree = "<group>"; };
		A2B872CD556C1A9EC9B2B875 /* Pods-HiitTimer.release.xcconfig */ = {isa = PBXFileReference; includeInIndex = 1; lastKnownFileType = text.xcconfig; name = "Pods-HiitTimer.release.xcconfig"; path = "Target Support Files/Pods-HiitTimer/Pods-HiitTimer.release.xcconfig"; sourceTree = "<group>"; };
/* End PBXFileReference section */

/* Begin PBXFrameworksBuildPhase section */
		16BB1B0124D1B18B008606BE /* Frameworks */ = {
			isa = PBXFrameworksBuildPhase;
			buildActionMask = 2147483647;
			files = (
				7821FC67EBB589E06C0D560C /* Pods_HiitTimer.framework in Frameworks */,
			);
			runOnlyForDeploymentPostprocessing = 0;
		};
/* End PBXFrameworksBuildPhase section */

/* Begin PBXGroup section */
		16BB1AFB24D1B18B008606BE = {
			isa = PBXGroup;
			children = (
				16BB1B0624D1B18B008606BE /* HiitTimer */,
				16BB1B0524D1B18B008606BE /* Products */,
				79BC545454B4B9E80C3CB2AD /* Pods */,
				708DDE71F4C7CB72840B0584 /* Frameworks */,
			);
			sourceTree = "<group>";
		};
		16BB1B0524D1B18B008606BE /* Products */ = {
			isa = PBXGroup;
			children = (
				16BB1B0424D1B18B008606BE /* HiitTimer.app */,
			);
			name = Products;
			sourceTree = "<group>";
		};
		16BB1B0624D1B18B008606BE /* HiitTimer */ = {
			isa = PBXGroup;
			children = (
				16BB1B0724D1B18B008606BE /* AppDelegate.swift */,
				16BB1B0924D1B18B008606BE /* SceneDelegate.swift */,
				16BB1B0B24D1B18B008606BE /* MainViewController.swift */,
				1655B1CA24D4FFB30075FCA4 /* TimerViewController.swift */,
				1655B1C824D4E96B0075FCA4 /* Data.swift */,
				16BB1B0D24D1B18B008606BE /* Main.storyboard */,
				16BB1B1024D1B18F008606BE /* Assets.xcassets */,
				16BA0A4324DFA1B00031CC6E /* Animation.json */,
				16BB1B1224D1B18F008606BE /* LaunchScreen.storyboard */,
				16BB1B1524D1B18F008606BE /* Info.plist */,
				16D2C81624D64BCA003FED59 /* CountDownView.swift */,
			);
			path = HiitTimer;
			sourceTree = "<group>";
		};
		708DDE71F4C7CB72840B0584 /* Frameworks */ = {
			isa = PBXGroup;
			children = (
				3245DE8C5FE88E64EF451157 /* Pods_HiitTimer.framework */,
			);
			name = Frameworks;
			sourceTree = "<group>";
		};
		79BC545454B4B9E80C3CB2AD /* Pods */ = {
			isa = PBXGroup;
			children = (
				7237193C4638F4C88B85F7FD /* Pods-HiitTimer.debug.xcconfig */,
				A2B872CD556C1A9EC9B2B875 /* Pods-HiitTimer.release.xcconfig */,
			);
			path = Pods;
			sourceTree = "<group>";
		};
/* End PBXGroup section */

/* Begin PBXNativeTarget section */
		16BB1B0324D1B18B008606BE /* HiitTimer */ = {
			isa = PBXNativeTarget;
			buildConfigurationList = 16BB1B1824D1B18F008606BE /* Build configuration list for PBXNativeTarget "HiitTimer" */;
			buildPhases = (
				5FF6D8789ACEF25CFA678F7D /* [CP] Check Pods Manifest.lock */,
				16BB1B0024D1B18B008606BE /* Sources */,
				16BB1B0124D1B18B008606BE /* Frameworks */,
				16BB1B0224D1B18B008606BE /* Resources */,
				4877DF444C90CEBF28EC83DB /* [CP] Embed Pods Frameworks */,
			);
			buildRules = (
			);
			dependencies = (
			);
			name = HiitTimer;
			productName = HiitTimer;
			productReference = 16BB1B0424D1B18B008606BE /* HiitTimer.app */;
			productType = "com.apple.product-type.application";
		};
/* End PBXNativeTarget section */

/* Begin PBXProject section */
		16BB1AFC24D1B18B008606BE /* Project object */ = {
			isa = PBXProject;
			attributes = {
				LastSwiftUpdateCheck = 1160;
				LastUpgradeCheck = 1160;
				ORGANIZATIONNAME = TakashiKuraoka;
				TargetAttributes = {
					16BB1B0324D1B18B008606BE = {
						CreatedOnToolsVersion = 11.6;
					};
				};
			};
			buildConfigurationList = 16BB1AFF24D1B18B008606BE /* Build configuration list for PBXProject "HiitTimer" */;
			compatibilityVersion = "Xcode 9.3";
			developmentRegion = en;
			hasScannedForEncodings = 0;
			knownRegions = (
				en,
				Base,
			);
			mainGroup = 16BB1AFB24D1B18B008606BE;
			productRefGroup = 16BB1B0524D1B18B008606BE /* Products */;
			projectDirPath = "";
			projectRoot = "";
			targets = (
				16BB1B0324D1B18B008606BE /* HiitTimer */,
			);
		};
/* End PBXProject section */

/* Begin PBXResourcesBuildPhase section */
		16BB1B0224D1B18B008606BE /* Resources */ = {
			isa = PBXResourcesBuildPhase;
			buildActionMask = 2147483647;
			files = (
				16BB1B1424D1B18F008606BE /* LaunchScreen.storyboard in Resources */,
				16BB1B1124D1B18F008606BE /* Assets.xcassets in Resources */,
				16BA0A4424DFA1B00031CC6E /* Animation.json in Resources */,
				16BB1B0F24D1B18B008606BE /* Main.storyboard in Resources */,
			);
			runOnlyForDeploymentPostprocessing = 0;
		};
/* End PBXResourcesBuildPhase section */

/* Begin PBXShellScriptBuildPhase section */
		4877DF444C90CEBF28EC83DB /* [CP] Embed Pods Frameworks */ = {
			isa = PBXShellScriptBuildPhase;
			buildActionMask = 2147483647;
			files = (
			);
			inputFileListPaths = (
				"${PODS_ROOT}/Target Support Files/Pods-HiitTimer/Pods-HiitTimer-frameworks-${CONFIGURATION}-input-files.xcfilelist",
			);
			name = "[CP] Embed Pods Frameworks";
			outputFileListPaths = (
				"${PODS_ROOT}/Target Support Files/Pods-HiitTimer/Pods-HiitTimer-frameworks-${CONFIGURATION}-output-files.xcfilelist",
			);
			runOnlyForDeploymentPostprocessing = 0;
			shellPath = /bin/sh;
			shellScript = "\"${PODS_ROOT}/Target Support Files/Pods-HiitTimer/Pods-HiitTimer-frameworks.sh\"\n";
			showEnvVarsInLog = 0;
		};
		5FF6D8789ACEF25CFA678F7D /* [CP] Check Pods Manifest.lock */ = {
			isa = PBXShellScriptBuildPhase;
			buildActionMask = 2147483647;
			files = (
			);
			inputFileListPaths = (
			);
			inputPaths = (
				"${PODS_PODFILE_DIR_PATH}/Podfile.lock",
				"${PODS_ROOT}/Manifest.lock",
			);
			name = "[CP] Check Pods Manifest.lock";
			outputFileListPaths = (
			);
			outputPaths = (
				"$(DERIVED_FILE_DIR)/Pods-HiitTimer-checkManifestLockResult.txt",
			);
			runOnlyForDeploymentPostprocessing = 0;
			shellPath = /bin/sh;
			shellScript = "diff \"${PODS_PODFILE_DIR_PATH}/Podfile.lock\" \"${PODS_ROOT}/Manifest.lock\" > /dev/null\nif [ $? != 0 ] ; then\n    # print error to STDERR\n    echo \"error: The sandbox is not in sync with the Podfile.lock. Run 'pod install' or update your CocoaPods installation.\" >&2\n    exit 1\nfi\n# This output is used by Xcode 'outputs' to avoid re-running this script phase.\necho \"SUCCESS\" > \"${SCRIPT_OUTPUT_FILE_0}\"\n";
			showEnvVarsInLog = 0;
		};
/* End PBXShellScriptBuildPhase section */

/* Begin PBXSourcesBuildPhase section */
		16BB1B0024D1B18B008606BE /* Sources */ = {
			isa = PBXSourcesBuildPhase;
			buildActionMask = 2147483647;
			files = (
				1655B1CB24D4FFB30075FCA4 /* TimerViewController.swift in Sources */,
				16BB1B0C24D1B18B008606BE /* MainViewController.swift in Sources */,
				16D2C81724D64BCA003FED59 /* CountDownView.swift in Sources */,
				16BB1B0824D1B18B008606BE /* AppDelegate.swift in Sources */,
				16BB1B0A24D1B18B008606BE /* SceneDelegate.swift in Sources */,
				1655B1C924D4E96B0075FCA4 /* Data.swift in Sources */,
			);
			runOnlyForDeploymentPostprocessing = 0;
		};
/* End PBXSourcesBuildPhase section */

/* Begin PBXVariantGroup section */
		16BB1B0D24D1B18B008606BE /* Main.storyboard */ = {
			isa = PBXVariantGroup;
			children = (
				16BB1B0E24D1B18B008606BE /* Base */,
			);
			name = Main.storyboard;
			sourceTree = "<group>";
		};
		16BB1B1224D1B18F008606BE /* LaunchScreen.storyboard */ = {
			isa = PBXVariantGroup;
			children = (
				16BB1B1324D1B18F008606BE /* Base */,
			);
			name = LaunchScreen.storyboard;
			sourceTree = "<group>";
		};
/* End PBXVariantGroup section */

/* Begin XCBuildConfiguration section */
		16BB1B1624D1B18F008606BE /* Debug */ = {
			isa = XCBuildConfiguration;
			buildSettings = {
				ALWAYS_SEARCH_USER_PATHS = NO;
				CLANG_ANALYZER_NONNULL = YES;
				CLANG_ANALYZER_NUMBER_OBJECT_CONVERSION = YES_AGGRESSIVE;
				CLANG_CXX_LANGUAGE_STANDARD = "gnu++14";
				CLANG_CXX_LIBRARY = "libc++";
				CLANG_ENABLE_MODULES = YES;
				CLANG_ENABLE_OBJC_ARC = YES;
				CLANG_ENABLE_OBJC_WEAK = YES;
				CLANG_WARN_BLOCK_CAPTURE_AUTORELEASING = YES;
				CLANG_WARN_BOOL_CONVERSION = YES;
				CLANG_WARN_COMMA = YES;
				CLANG_WARN_CONSTANT_CONVERSION = YES;
				CLANG_WARN_DEPRECATED_OBJC_IMPLEMENTATIONS = YES;
				CLANG_WARN_DIRECT_OBJC_ISA_USAGE = YES_ERROR;
				CLANG_WARN_DOCUMENTATION_COMMENTS = YES;
				CLANG_WARN_EMPTY_BODY = YES;
				CLANG_WARN_ENUM_CONVERSION = YES;
				CLANG_WARN_INFINITE_RECURSION = YES;
				CLANG_WARN_INT_CONVERSION = YES;
				CLANG_WARN_NON_LITERAL_NULL_CONVERSION = YES;
				CLANG_WARN_OBJC_IMPLICIT_RETAIN_SELF = YES;
				CLANG_WARN_OBJC_LITERAL_CONVERSION = YES;
				CLANG_WARN_OBJC_ROOT_CLASS = YES_ERROR;
				CLANG_WARN_RANGE_LOOP_ANALYSIS = YES;
				CLANG_WARN_STRICT_PROTOTYPES = YES;
				CLANG_WARN_SUSPICIOUS_MOVE = YES;
				CLANG_WARN_UNGUARDED_AVAILABILITY = YES_AGGRESSIVE;
				CLANG_WARN_UNREACHABLE_CODE = YES;
				CLANG_WARN__DUPLICATE_METHOD_MATCH = YES;
				COPY_PHASE_STRIP = NO;
				DEBUG_INFORMATION_FORMAT = dwarf;
				ENABLE_STRICT_OBJC_MSGSEND = YES;
				ENABLE_TESTABILITY = YES;
				GCC_C_LANGUAGE_STANDARD = gnu11;
				GCC_DYNAMIC_NO_PIC = NO;
				GCC_NO_COMMON_BLOCKS = YES;
				GCC_OPTIMIZATION_LEVEL = 0;
				GCC_PREPROCESSOR_DEFINITIONS = (
					"DEBUG=1",
					"$(inherited)",
				);
				GCC_WARN_64_TO_32_BIT_CONVERSION = YES;
				GCC_WARN_ABOUT_RETURN_TYPE = YES_ERROR;
				GCC_WARN_UNDECLARED_SELECTOR = YES;
				GCC_WARN_UNINITIALIZED_AUTOS = YES_AGGRESSIVE;
				GCC_WARN_UNUSED_FUNCTION = YES;
				GCC_WARN_UNUSED_VARIABLE = YES;
				IPHONEOS_DEPLOYMENT_TARGET = 13.6;
				MTL_ENABLE_DEBUG_INFO = INCLUDE_SOURCE;
				MTL_FAST_MATH = YES;
				ONLY_ACTIVE_ARCH = YES;
				SDKROOT = iphoneos;
				SWIFT_ACTIVE_COMPILATION_CONDITIONS = DEBUG;
				SWIFT_OPTIMIZATION_LEVEL = "-Onone";
			};
			name = Debug;
		};
		16BB1B1724D1B18F008606BE /* Release */ = {
			isa = XCBuildConfiguration;
			buildSettings = {
				ALWAYS_SEARCH_USER_PATHS = NO;
				CLANG_ANALYZER_NONNULL = YES;
				CLANG_ANALYZER_NUMBER_OBJECT_CONVERSION = YES_AGGRESSIVE;
				CLANG_CXX_LANGUAGE_STANDARD = "gnu++14";
				CLANG_CXX_LIBRARY = "libc++";
				CLANG_ENABLE_MODULES = YES;
				CLANG_ENABLE_OBJC_ARC = YES;
				CLANG_ENABLE_OBJC_WEAK = YES;
				CLANG_WARN_BLOCK_CAPTURE_AUTORELEASING = YES;
				CLANG_WARN_BOOL_CONVERSION = YES;
				CLANG_WARN_COMMA = YES;
				CLANG_WARN_CONSTANT_CONVERSION = YES;
				CLANG_WARN_DEPRECATED_OBJC_IMPLEMENTATIONS = YES;
				CLANG_WARN_DIRECT_OBJC_ISA_USAGE = YES_ERROR;
				CLANG_WARN_DOCUMENTATION_COMMENTS = YES;
				CLANG_WARN_EMPTY_BODY = YES;
				CLANG_WARN_ENUM_CONVERSION = YES;
				CLANG_WARN_INFINITE_RECURSION = YES;
				CLANG_WARN_INT_CONVERSION = YES;
				CLANG_WARN_NON_LITERAL_NULL_CONVERSION = YES;
				CLANG_WARN_OBJC_IMPLICIT_RETAIN_SELF = YES;
				CLANG_WARN_OBJC_LITERAL_CONVERSION = YES;
				CLANG_WARN_OBJC_ROOT_CLASS = YES_ERROR;
				CLANG_WARN_RANGE_LOOP_ANALYSIS = YES;
				CLANG_WARN_STRICT_PROTOTYPES = YES;
				CLANG_WARN_SUSPICIOUS_MOVE = YES;
				CLANG_WARN_UNGUARDED_AVAILABILITY = YES_AGGRESSIVE;
				CLANG_WARN_UNREACHABLE_CODE = YES;
				CLANG_WARN__DUPLICATE_METHOD_MATCH = YES;
				COPY_PHASE_STRIP = NO;
				DEBUG_INFORMATION_FORMAT = "dwarf-with-dsym";
				ENABLE_NS_ASSERTIONS = NO;
				ENABLE_STRICT_OBJC_MSGSEND = YES;
				GCC_C_LANGUAGE_STANDARD = gnu11;
				GCC_NO_COMMON_BLOCKS = YES;
				GCC_WARN_64_TO_32_BIT_CONVERSION = YES;
				GCC_WARN_ABOUT_RETURN_TYPE = YES_ERROR;
				GCC_WARN_UNDECLARED_SELECTOR = YES;
				GCC_WARN_UNINITIALIZED_AUTOS = YES_AGGRESSIVE;
				GCC_WARN_UNUSED_FUNCTION = YES;
				GCC_WARN_UNUSED_VARIABLE = YES;
				IPHONEOS_DEPLOYMENT_TARGET = 13.6;
				MTL_ENABLE_DEBUG_INFO = NO;
				MTL_FAST_MATH = YES;
				SDKROOT = iphoneos;
				SWIFT_COMPILATION_MODE = wholemodule;
				SWIFT_OPTIMIZATION_LEVEL = "-O";
				VALIDATE_PRODUCT = YES;
			};
			name = Release;
		};
		16BB1B1924D1B18F008606BE /* Debug */ = {
			isa = XCBuildConfiguration;
			baseConfigurationReference = 7237193C4638F4C88B85F7FD /* Pods-HiitTimer.debug.xcconfig */;
			buildSettings = {
				ASSETCATALOG_COMPILER_APPICON_NAME = AppIcon;
				CODE_SIGN_STYLE = Automatic;
				DEVELOPMENT_TEAM = Y7TKR4UX63;
				INFOPLIST_FILE = HiitTimer/Info.plist;
				LD_RUNPATH_SEARCH_PATHS = (
					"$(inherited)",
					"@executable_path/Frameworks",
				);
				PRODUCT_BUNDLE_IDENTIFIER = com.takashisyocora.HiitTimer;
				PRODUCT_NAME = "$(TARGET_NAME)";
				SWIFT_VERSION = 5.0;
				TARGETED_DEVICE_FAMILY = "1,2";
			};
			name = Debug;
		};
		16BB1B1A24D1B18F008606BE /* Release */ = {
			isa = XCBuildConfiguration;
			baseConfigurationReference = A2B872CD556C1A9EC9B2B875 /* Pods-HiitTimer.release.xcconfig */;
			buildSettings = {
				ASSETCATALOG_COMPILER_APPICON_NAME = AppIcon;
				CODE_SIGN_STYLE = Automatic;
				DEVELOPMENT_TEAM = Y7TKR4UX63;
				INFOPLIST_FILE = HiitTimer/Info.plist;
				LD_RUNPATH_SEARCH_PATHS = (
					"$(inherited)",
					"@executable_path/Frameworks",
				);
				PRODUCT_BUNDLE_IDENTIFIER = com.takashisyocora.HiitTimer;
				PRODUCT_NAME = "$(TARGET_NAME)";
				SWIFT_VERSION = 5.0;
				TARGETED_DEVICE_FAMILY = "1,2";
			};
			name = Release;
		};
/* End XCBuildConfiguration section */

/* Begin XCConfigurationList section */
		16BB1AFF24D1B18B008606BE /* Build configuration list for PBXProject "HiitTimer" */ = {
			isa = XCConfigurationList;
			buildConfigurations = (
				16BB1B1624D1B18F008606BE /* Debug */,
				16BB1B1724D1B18F008606BE /* Release */,
			);
			defaultConfigurationIsVisible = 0;
			defaultConfigurationName = Release;
		};
		16BB1B1824D1B18F008606BE /* Build configuration list for PBXNativeTarget "HiitTimer" */ = {
			isa = XCConfigurationList;
			buildConfigurations = (
				16BB1B1924D1B18F008606BE /* Debug */,
				16BB1B1A24D1B18F008606BE /* Release */,
			);
			defaultConfigurationIsVisible = 0;
			defaultConfigurationName = Release;
		};
/* End XCConfigurationList section */
	};
	rootObject = 16BB1AFC24D1B18B008606BE /* Project object */;
}
